PODS:
  - Alamofire (4.9.1)
  - AlamofireImage (3.6.0):
    - Alamofire (~> 4.9)
  - FlyoverKit (1.2.2)
  - Stripe (18.2.0)

DEPENDENCIES:
  - Alamofire (= 4.9.1)
  - AlamofireImage
  - FlyoverKit (~> 1.2.0)
  - Stripe (= 18.2.0)

SPEC REPOS:
  https://github.com/cocoapods/specs.git:
    - Alamofire
    - AlamofireImage
    - FlyoverKit
    - Stripe

SPEC CHECKSUMS:
  Alamofire: 85e8a02c69d6020a0d734f6054870d7ecb75cf18
  AlamofireImage: be9963c6582d68b39e89191f64c82a7d7bf40fdd
  FlyoverKit: 5c34d155a9ac8fc85af795eeca243bc51ebee15f
  Stripe: a468d5f39703807e840fdfed39572ffad0aaf053

PODFILE CHECKSUM: 71869cbae25944600fbfdaed84e64ad4c6513c67

COCOAPODS: 1.7.0
